
Microsoft Visual Studio Solution File, Format Version 12.00
# Visual Studio Version 17
VisualStudioVersion = 17.4.33205.214
MinimumVisualStudioVersion = 10.0.40219.1
Project("{9A19103F-16F7-4668-BE54-9A1E7A4F7556}") = "DSoft.Fetchify.Api.Client", "DSoft.Fetchify.Api.Client\DSoft.Fetchify.Api.Client.csproj", "{62CCC545-CB9C-4D4F-8F67-3943FC0D13E1}"
EndProject
Project("{9A19103F-16F7-4668-BE54-9A1E7A4F7556}") = "TestHarness", "TestHarness\TestHarness.csproj", "{55E43C30-E262-4601-AC2A-84E012587EE3}"
EndProject
Project("{2150E333-8FDC-42A3-9474-1A3956D46DE8}") = ".ci", ".ci", "{78CA8089-B822-4B8A-A7E3-9DB43756F53B}"
	ProjectSection(SolutionItems) = preProject
		azure-pipelines-mergetest.yml = azure-pipelines-mergetest.yml
		azure-pipelines-release.yml = azure-pipelines-release.yml
		Directory.Build.props = Directory.Build.props
	EndProjectSection
EndProject
Project("{2150E333-8FDC-42A3-9474-1A3956D46DE8}") = "Tests", "Tests", "{5BB3719E-9CD8-4D35-9CF4-739FCFFB31FC}"
EndProject
Project("{FAE04EC0-301F-11D3-BF4B-00C04F79EFBC}") = "UnitTests", "UnitTests\UnitTests.csproj", "{5A2DC687-E1D2-458A-B346-CABA4B261B13}"
EndProject
Global
	GlobalSection(SolutionConfigurationPlatforms) = preSolution
		Debug|Any CPU = Debug|Any CPU
		Release|Any CPU = Release|Any CPU
	EndGlobalSection
	GlobalSection(ProjectConfigurationPlatforms) = postSolution
		{62CCC545-CB9C-4D4F-8F67-3943FC0D13E1}.Debug|Any CPU.ActiveCfg = Debug|Any CPU
		{62CCC545-CB9C-4D4F-8F67-3943FC0D13E1}.Debug|Any CPU.Build.0 = Debug|Any CPU
		{62CCC545-CB9C-4D4F-8F67-3943FC0D13E1}.Release|Any CPU.ActiveCfg = Release|Any CPU
		{62CCC545-CB9C-4D4F-8F67-3943FC0D13E1}.Release|Any CPU.Build.0 = Release|Any CPU
		{55E43C30-E262-4601-AC2A-84E012587EE3}.Debug|Any CPU.ActiveCfg = Debug|Any CPU
		{55E43C30-E262-4601-AC2A-84E012587EE3}.Debug|Any CPU.Build.0 = Debug|Any CPU
		{55E43C30-E262-4601-AC2A-84E012587EE3}.Release|Any CPU.ActiveCfg = Release|Any CPU
		{55E43C30-E262-4601-AC2A-84E012587EE3}.Release|Any CPU.Build.0 = Release|Any CPU
		{5A2DC687-E1D2-458A-B346-CABA4B261B13}.Debug|Any CPU.ActiveCfg = Debug|Any CPU
		{5A2DC687-E1D2-458A-B346-CABA4B261B13}.Debug|Any CPU.Build.0 = Debug|Any CPU
		{5A2DC687-E1D2-458A-B346-CABA4B261B13}.Release|Any CPU.ActiveCfg = Release|Any CPU
		{5A2DC687-E1D2-458A-B346-CABA4B261B13}.Release|Any CPU.Build.0 = Release|Any CPU
	EndGlobalSection
	GlobalSection(SolutionProperties) = preSolution
		HideSolutionNode = FALSE
	EndGlobalSection
	GlobalSection(NestedProjects) = preSolution
		{5A2DC687-E1D2-458A-B346-CABA4B261B13} = {5BB3719E-9CD8-4D35-9CF4-739FCFFB31FC}
	EndGlobalSection
	GlobalSection(ExtensibilityGlobals) = postSolution
		SolutionGuid = {3480DA7F-B41E-481B-A562-B503E531A874}
	EndGlobalSection
EndGlobal
